
Microsoft Visual Studio Solution File, Format Version 12.00
# Visual Studio Version 16
VisualStudioVersion = 16.0.31112.23
MinimumVisualStudioVersion = 10.0.40219.1
Project("{9A19103F-16F7-4668-BE54-9A1E7A4F7556}") = "xamarinchatsr.Web", "xamarinchatsr.Web.csproj", "{EF504EBA-7EB0-42DD-B71D-289D9383BF8A}"
EndProject
Project("{9A19103F-16F7-4668-BE54-9A1E7A4F7556}") = "tools", "..\tools\tools.csproj", "{7907E307-DC65-4EF8-9775-14358DFC5F00}"
EndProject
Global
	GlobalSection(SolutionConfigurationPlatforms) = preSolution
		Debug|Any CPU = Debug|Any CPU
		Release|Any CPU = Release|Any CPU
	EndGlobalSection
	GlobalSection(ProjectConfigurationPlatforms) = postSolution
		{EF504EBA-7EB0-42DD-B71D-289D9383BF8A}.Debug|Any CPU.ActiveCfg = Debug|Any CPU
		{EF504EBA-7EB0-42DD-B71D-289D9383BF8A}.Debug|Any CPU.Build.0 = Debug|Any CPU
		{EF504EBA-7EB0-42DD-B71D-289D9383BF8A}.Release|Any CPU.ActiveCfg = Release|Any CPU
		{EF504EBA-7EB0-42DD-B71D-289D9383BF8A}.Release|Any CPU.Build.0 = Release|Any CPU
		{7907E307-DC65-4EF8-9775-14358DFC5F00}.Debug|Any CPU.ActiveCfg = Debug|Any CPU
		{7907E307-DC65-4EF8-9775-14358DFC5F00}.Debug|Any CPU.Build.0 = Debug|Any CPU
		{7907E307-DC65-4EF8-9775-14358DFC5F00}.Release|Any CPU.ActiveCfg = Release|Any CPU
		{7907E307-DC65-4EF8-9775-14358DFC5F00}.Release|Any CPU.Build.0 = Release|Any CPU
	EndGlobalSection
	GlobalSection(SolutionProperties) = preSolution
		HideSolutionNode = FALSE
	EndGlobalSection
	GlobalSection(ExtensibilityGlobals) = postSolution
		SolutionGuid = {94630734-FED9-4743-82C5-205D8F07D003}
	EndGlobalSection
EndGlobal
