
Microsoft Visual Studio Solution File, Format Version 12.00
# Visual Studio Version 17
VisualStudioVersion = 17.2.32210.308
MinimumVisualStudioVersion = 10.0.40219.1
Project("{FAE04EC0-301F-11D3-BF4B-00C04F79EFBC}") = "MobileChat.Android", "src\Mobile\MobileChat.Android\MobileChat.Android.csproj", "{13C1AC91-1D08-4D23-8341-8F7A31480D7D}"
EndProject
Project("{FAE04EC0-301F-11D3-BF4B-00C04F79EFBC}") = "MobileChat.iOS", "src\Mobile\MobileChat.iOS\MobileChat.iOS.csproj", "{920F307A-42A0-45EF-ABE6-EA093D90F4A5}"
EndProject
Project("{9A19103F-16F7-4668-BE54-9A1E7A4F7556}") = "MobileChat", "src\Mobile\MobileChat\MobileChat.csproj", "{108E7B6B-B928-4C52-8412-96C8E384BEED}"
EndProject
Project("{9A19103F-16F7-4668-BE54-9A1E7A4F7556}") = "MobileChat.Web", "src\Web\MobileChat.Web.csproj", "{EF504EBA-7EB0-42DD-B71D-289D9383BF8A}"
EndProject
Global
	GlobalSection(SolutionConfigurationPlatforms) = preSolution
		Debug|Any CPU = Debug|Any CPU
		Debug|ARM = Debug|ARM
		Debug|ARM64 = Debug|ARM64
		Debug|iPhone = Debug|iPhone
		Debug|iPhoneSimulator = Debug|iPhoneSimulator
		Debug|x64 = Debug|x64
		Debug|x86 = Debug|x86
		Release|Any CPU = Release|Any CPU
		Release|ARM = Release|ARM
		Release|ARM64 = Release|ARM64
		Release|iPhone = Release|iPhone
		Release|iPhoneSimulator = Release|iPhoneSimulator
		Release|x64 = Release|x64
		Release|x86 = Release|x86
	EndGlobalSection
	GlobalSection(ProjectConfigurationPlatforms) = postSolution
		{13C1AC91-1D08-4D23-8341-8F7A31480D7D}.Debug|Any CPU.ActiveCfg = Debug|Any CPU
		{13C1AC91-1D08-4D23-8341-8F7A31480D7D}.Debug|Any CPU.Build.0 = Debug|Any CPU
		{13C1AC91-1D08-4D23-8341-8F7A31480D7D}.Debug|Any CPU.Deploy.0 = Debug|Any CPU
		{13C1AC91-1D08-4D23-8341-8F7A31480D7D}.Debug|ARM.ActiveCfg = Debug|Any CPU
		{13C1AC91-1D08-4D23-8341-8F7A31480D7D}.Debug|ARM.Build.0 = Debug|Any CPU
		{13C1AC91-1D08-4D23-8341-8F7A31480D7D}.Debug|ARM.Deploy.0 = Debug|Any CPU
		{13C1AC91-1D08-4D23-8341-8F7A31480D7D}.Debug|ARM64.ActiveCfg = Debug|Any CPU
		{13C1AC91-1D08-4D23-8341-8F7A31480D7D}.Debug|ARM64.Build.0 = Debug|Any CPU
		{13C1AC91-1D08-4D23-8341-8F7A31480D7D}.Debug|ARM64.Deploy.0 = Debug|Any CPU
		{13C1AC91-1D08-4D23-8341-8F7A31480D7D}.Debug|iPhone.ActiveCfg = Debug|Any CPU
		{13C1AC91-1D08-4D23-8341-8F7A31480D7D}.Debug|iPhone.Build.0 = Debug|Any CPU
		{13C1AC91-1D08-4D23-8341-8F7A31480D7D}.Debug|iPhone.Deploy.0 = Debug|Any CPU
		{13C1AC91-1D08-4D23-8341-8F7A31480D7D}.Debug|iPhoneSimulator.ActiveCfg = Debug|Any CPU
		{13C1AC91-1D08-4D23-8341-8F7A31480D7D}.Debug|iPhoneSimulator.Build.0 = Debug|Any CPU
		{13C1AC91-1D08-4D23-8341-8F7A31480D7D}.Debug|iPhoneSimulator.Deploy.0 = Debug|Any CPU
		{13C1AC91-1D08-4D23-8341-8F7A31480D7D}.Debug|x64.ActiveCfg = Debug|Any CPU
		{13C1AC91-1D08-4D23-8341-8F7A31480D7D}.Debug|x64.Build.0 = Debug|Any CPU
		{13C1AC91-1D08-4D23-8341-8F7A31480D7D}.Debug|x64.Deploy.0 = Debug|Any CPU
		{13C1AC91-1D08-4D23-8341-8F7A31480D7D}.Debug|x86.ActiveCfg = Debug|Any CPU
		{13C1AC91-1D08-4D23-8341-8F7A31480D7D}.Debug|x86.Build.0 = Debug|Any CPU
		{13C1AC91-1D08-4D23-8341-8F7A31480D7D}.Debug|x86.Deploy.0 = Debug|Any CPU
		{13C1AC91-1D08-4D23-8341-8F7A31480D7D}.Release|Any CPU.ActiveCfg = Release|Any CPU
		{13C1AC91-1D08-4D23-8341-8F7A31480D7D}.Release|Any CPU.Build.0 = Release|Any CPU
		{13C1AC91-1D08-4D23-8341-8F7A31480D7D}.Release|Any CPU.Deploy.0 = Release|Any CPU
		{13C1AC91-1D08-4D23-8341-8F7A31480D7D}.Release|ARM.ActiveCfg = Release|Any CPU
		{13C1AC91-1D08-4D23-8341-8F7A31480D7D}.Release|ARM.Build.0 = Release|Any CPU
		{13C1AC91-1D08-4D23-8341-8F7A31480D7D}.Release|ARM.Deploy.0 = Release|Any CPU
		{13C1AC91-1D08-4D23-8341-8F7A31480D7D}.Release|ARM64.ActiveCfg = Release|Any CPU
		{13C1AC91-1D08-4D23-8341-8F7A31480D7D}.Release|ARM64.Build.0 = Release|Any CPU
		{13C1AC91-1D08-4D23-8341-8F7A31480D7D}.Release|ARM64.Deploy.0 = Release|Any CPU
		{13C1AC91-1D08-4D23-8341-8F7A31480D7D}.Release|iPhone.ActiveCfg = Release|Any CPU
		{13C1AC91-1D08-4D23-8341-8F7A31480D7D}.Release|iPhone.Build.0 = Release|Any CPU
		{13C1AC91-1D08-4D23-8341-8F7A31480D7D}.Release|iPhone.Deploy.0 = Release|Any CPU
		{13C1AC91-1D08-4D23-8341-8F7A31480D7D}.Release|iPhoneSimulator.ActiveCfg = Release|Any CPU
		{13C1AC91-1D08-4D23-8341-8F7A31480D7D}.Release|iPhoneSimulator.Build.0 = Release|Any CPU
		{13C1AC91-1D08-4D23-8341-8F7A31480D7D}.Release|iPhoneSimulator.Deploy.0 = Release|Any CPU
		{13C1AC91-1D08-4D23-8341-8F7A31480D7D}.Release|x64.ActiveCfg = Release|Any CPU
		{13C1AC91-1D08-4D23-8341-8F7A31480D7D}.Release|x64.Build.0 = Release|Any CPU
		{13C1AC91-1D08-4D23-8341-8F7A31480D7D}.Release|x64.Deploy.0 = Release|Any CPU
		{13C1AC91-1D08-4D23-8341-8F7A31480D7D}.Release|x86.ActiveCfg = Release|Any CPU
		{13C1AC91-1D08-4D23-8341-8F7A31480D7D}.Release|x86.Build.0 = Release|Any CPU
		{13C1AC91-1D08-4D23-8341-8F7A31480D7D}.Release|x86.Deploy.0 = Release|Any CPU
		{920F307A-42A0-45EF-ABE6-EA093D90F4A5}.Debug|Any CPU.ActiveCfg = Debug|iPhoneSimulator
		{920F307A-42A0-45EF-ABE6-EA093D90F4A5}.Debug|Any CPU.Build.0 = Debug|iPhoneSimulator
		{920F307A-42A0-45EF-ABE6-EA093D90F4A5}.Debug|Any CPU.Deploy.0 = Debug|iPhoneSimulator
		{920F307A-42A0-45EF-ABE6-EA093D90F4A5}.Debug|ARM.ActiveCfg = Debug|Any CPU
		{920F307A-42A0-45EF-ABE6-EA093D90F4A5}.Debug|ARM.Build.0 = Debug|Any CPU
		{920F307A-42A0-45EF-ABE6-EA093D90F4A5}.Debug|ARM64.ActiveCfg = Debug|Any CPU
		{920F307A-42A0-45EF-ABE6-EA093D90F4A5}.Debug|ARM64.Build.0 = Debug|Any CPU
		{920F307A-42A0-45EF-ABE6-EA093D90F4A5}.Debug|iPhone.ActiveCfg = Debug|iPhone
		{920F307A-42A0-45EF-ABE6-EA093D90F4A5}.Debug|iPhone.Build.0 = Debug|iPhone
		{920F307A-42A0-45EF-ABE6-EA093D90F4A5}.Debug|iPhone.Deploy.0 = Debug|iPhone
		{920F307A-42A0-45EF-ABE6-EA093D90F4A5}.Debug|iPhoneSimulator.ActiveCfg = Debug|iPhoneSimulator
		{920F307A-42A0-45EF-ABE6-EA093D90F4A5}.Debug|iPhoneSimulator.Build.0 = Debug|iPhoneSimulator
		{920F307A-42A0-45EF-ABE6-EA093D90F4A5}.Debug|iPhoneSimulator.Deploy.0 = Debug|iPhoneSimulator
		{920F307A-42A0-45EF-ABE6-EA093D90F4A5}.Debug|x64.ActiveCfg = Debug|Any CPU
		{920F307A-42A0-45EF-ABE6-EA093D90F4A5}.Debug|x64.Build.0 = Debug|Any CPU
		{920F307A-42A0-45EF-ABE6-EA093D90F4A5}.Debug|x86.ActiveCfg = Debug|Any CPU
		{920F307A-42A0-45EF-ABE6-EA093D90F4A5}.Debug|x86.Build.0 = Debug|Any CPU
		{920F307A-42A0-45EF-ABE6-EA093D90F4A5}.Release|Any CPU.ActiveCfg = Release|iPhone
		{920F307A-42A0-45EF-ABE6-EA093D90F4A5}.Release|ARM.ActiveCfg = Release|Any CPU
		{920F307A-42A0-45EF-ABE6-EA093D90F4A5}.Release|ARM.Build.0 = Release|Any CPU
		{920F307A-42A0-45EF-ABE6-EA093D90F4A5}.Release|ARM64.ActiveCfg = Release|Any CPU
		{920F307A-42A0-45EF-ABE6-EA093D90F4A5}.Release|ARM64.Build.0 = Release|Any CPU
		{920F307A-42A0-45EF-ABE6-EA093D90F4A5}.Release|iPhone.ActiveCfg = Release|iPhone
		{920F307A-42A0-45EF-ABE6-EA093D90F4A5}.Release|iPhone.Build.0 = Release|iPhone
		{920F307A-42A0-45EF-ABE6-EA093D90F4A5}.Release|iPhone.Deploy.0 = Release|iPhone
		{920F307A-42A0-45EF-ABE6-EA093D90F4A5}.Release|iPhoneSimulator.ActiveCfg = Release|iPhoneSimulator
		{920F307A-42A0-45EF-ABE6-EA093D90F4A5}.Release|iPhoneSimulator.Build.0 = Release|iPhoneSimulator
		{920F307A-42A0-45EF-ABE6-EA093D90F4A5}.Release|iPhoneSimulator.Deploy.0 = Release|iPhoneSimulator
		{920F307A-42A0-45EF-ABE6-EA093D90F4A5}.Release|x64.ActiveCfg = Release|Any CPU
		{920F307A-42A0-45EF-ABE6-EA093D90F4A5}.Release|x64.Build.0 = Release|Any CPU
		{920F307A-42A0-45EF-ABE6-EA093D90F4A5}.Release|x86.ActiveCfg = Release|Any CPU
		{920F307A-42A0-45EF-ABE6-EA093D90F4A5}.Release|x86.Build.0 = Release|Any CPU
		{108E7B6B-B928-4C52-8412-96C8E384BEED}.Debug|Any CPU.ActiveCfg = Debug|Any CPU
		{108E7B6B-B928-4C52-8412-96C8E384BEED}.Debug|Any CPU.Build.0 = Debug|Any CPU
		{108E7B6B-B928-4C52-8412-96C8E384BEED}.Debug|Any CPU.Deploy.0 = Debug|Any CPU
		{108E7B6B-B928-4C52-8412-96C8E384BEED}.Debug|ARM.ActiveCfg = Debug|Any CPU
		{108E7B6B-B928-4C52-8412-96C8E384BEED}.Debug|ARM.Build.0 = Debug|Any CPU
		{108E7B6B-B928-4C52-8412-96C8E384BEED}.Debug|ARM64.ActiveCfg = Debug|Any CPU
		{108E7B6B-B928-4C52-8412-96C8E384BEED}.Debug|ARM64.Build.0 = Debug|Any CPU
		{108E7B6B-B928-4C52-8412-96C8E384BEED}.Debug|iPhone.ActiveCfg = Debug|Any CPU
		{108E7B6B-B928-4C52-8412-96C8E384BEED}.Debug|iPhone.Build.0 = Debug|Any CPU
		{108E7B6B-B928-4C52-8412-96C8E384BEED}.Debug|iPhone.Deploy.0 = Debug|Any CPU
		{108E7B6B-B928-4C52-8412-96C8E384BEED}.Debug|iPhoneSimulator.ActiveCfg = Debug|Any CPU
		{108E7B6B-B928-4C52-8412-96C8E384BEED}.Debug|iPhoneSimulator.Build.0 = Debug|Any CPU
		{108E7B6B-B928-4C52-8412-96C8E384BEED}.Debug|iPhoneSimulator.Deploy.0 = Debug|Any CPU
		{108E7B6B-B928-4C52-8412-96C8E384BEED}.Debug|x64.ActiveCfg = Debug|Any CPU
		{108E7B6B-B928-4C52-8412-96C8E384BEED}.Debug|x64.Build.0 = Debug|Any CPU
		{108E7B6B-B928-4C52-8412-96C8E384BEED}.Debug|x86.ActiveCfg = Debug|Any CPU
		{108E7B6B-B928-4C52-8412-96C8E384BEED}.Debug|x86.Build.0 = Debug|Any CPU
		{108E7B6B-B928-4C52-8412-96C8E384BEED}.Release|Any CPU.ActiveCfg = Release|Any CPU
		{108E7B6B-B928-4C52-8412-96C8E384BEED}.Release|Any CPU.Build.0 = Release|Any CPU
		{108E7B6B-B928-4C52-8412-96C8E384BEED}.Release|Any CPU.Deploy.0 = Release|Any CPU
		{108E7B6B-B928-4C52-8412-96C8E384BEED}.Release|ARM.ActiveCfg = Release|Any CPU
		{108E7B6B-B928-4C52-8412-96C8E384BEED}.Release|ARM.Build.0 = Release|Any CPU
		{108E7B6B-B928-4C52-8412-96C8E384BEED}.Release|ARM64.ActiveCfg = Release|Any CPU
		{108E7B6B-B928-4C52-8412-96C8E384BEED}.Release|ARM64.Build.0 = Release|Any CPU
		{108E7B6B-B928-4C52-8412-96C8E384BEED}.Release|iPhone.ActiveCfg = Release|Any CPU
		{108E7B6B-B928-4C52-8412-96C8E384BEED}.Release|iPhone.Build.0 = Release|Any CPU
		{108E7B6B-B928-4C52-8412-96C8E384BEED}.Release|iPhone.Deploy.0 = Release|Any CPU
		{108E7B6B-B928-4C52-8412-96C8E384BEED}.Release|iPhoneSimulator.ActiveCfg = Release|Any CPU
		{108E7B6B-B928-4C52-8412-96C8E384BEED}.Release|iPhoneSimulator.Build.0 = Release|Any CPU
		{108E7B6B-B928-4C52-8412-96C8E384BEED}.Release|iPhoneSimulator.Deploy.0 = Release|Any CPU
		{108E7B6B-B928-4C52-8412-96C8E384BEED}.Release|x64.ActiveCfg = Release|Any CPU
		{108E7B6B-B928-4C52-8412-96C8E384BEED}.Release|x64.Build.0 = Release|Any CPU
		{108E7B6B-B928-4C52-8412-96C8E384BEED}.Release|x86.ActiveCfg = Release|Any CPU
		{108E7B6B-B928-4C52-8412-96C8E384BEED}.Release|x86.Build.0 = Release|Any CPU
		{EF504EBA-7EB0-42DD-B71D-289D9383BF8A}.Debug|Any CPU.ActiveCfg = Debug|Any CPU
		{EF504EBA-7EB0-42DD-B71D-289D9383BF8A}.Debug|Any CPU.Build.0 = Debug|Any CPU
		{EF504EBA-7EB0-42DD-B71D-289D9383BF8A}.Debug|ARM.ActiveCfg = Debug|Any CPU
		{EF504EBA-7EB0-42DD-B71D-289D9383BF8A}.Debug|ARM.Build.0 = Debug|Any CPU
		{EF504EBA-7EB0-42DD-B71D-289D9383BF8A}.Debug|ARM64.ActiveCfg = Debug|Any CPU
		{EF504EBA-7EB0-42DD-B71D-289D9383BF8A}.Debug|ARM64.Build.0 = Debug|Any CPU
		{EF504EBA-7EB0-42DD-B71D-289D9383BF8A}.Debug|iPhone.ActiveCfg = Debug|Any CPU
		{EF504EBA-7EB0-42DD-B71D-289D9383BF8A}.Debug|iPhone.Build.0 = Debug|Any CPU
		{EF504EBA-7EB0-42DD-B71D-289D9383BF8A}.Debug|iPhoneSimulator.ActiveCfg = Debug|Any CPU
		{EF504EBA-7EB0-42DD-B71D-289D9383BF8A}.Debug|iPhoneSimulator.Build.0 = Debug|Any CPU
		{EF504EBA-7EB0-42DD-B71D-289D9383BF8A}.Debug|x64.ActiveCfg = Debug|Any CPU
		{EF504EBA-7EB0-42DD-B71D-289D9383BF8A}.Debug|x64.Build.0 = Debug|Any CPU
		{EF504EBA-7EB0-42DD-B71D-289D9383BF8A}.Debug|x86.ActiveCfg = Debug|Any CPU
		{EF504EBA-7EB0-42DD-B71D-289D9383BF8A}.Debug|x86.Build.0 = Debug|Any CPU
		{EF504EBA-7EB0-42DD-B71D-289D9383BF8A}.Release|Any CPU.ActiveCfg = Release|Any CPU
		{EF504EBA-7EB0-42DD-B71D-289D9383BF8A}.Release|Any CPU.Build.0 = Release|Any CPU
		{EF504EBA-7EB0-42DD-B71D-289D9383BF8A}.Release|ARM.ActiveCfg = Release|Any CPU
		{EF504EBA-7EB0-42DD-B71D-289D9383BF8A}.Release|ARM.Build.0 = Release|Any CPU
		{EF504EBA-7EB0-42DD-B71D-289D9383BF8A}.Release|ARM64.ActiveCfg = Release|Any CPU
		{EF504EBA-7EB0-42DD-B71D-289D9383BF8A}.Release|ARM64.Build.0 = Release|Any CPU
		{EF504EBA-7EB0-42DD-B71D-289D9383BF8A}.Release|iPhone.ActiveCfg = Release|Any CPU
		{EF504EBA-7EB0-42DD-B71D-289D9383BF8A}.Release|iPhone.Build.0 = Release|Any CPU
		{EF504EBA-7EB0-42DD-B71D-289D9383BF8A}.Release|iPhoneSimulator.ActiveCfg = Release|Any CPU
		{EF504EBA-7EB0-42DD-B71D-289D9383BF8A}.Release|iPhoneSimulator.Build.0 = Release|Any CPU
		{EF504EBA-7EB0-42DD-B71D-289D9383BF8A}.Release|x64.ActiveCfg = Release|Any CPU
		{EF504EBA-7EB0-42DD-B71D-289D9383BF8A}.Release|x64.Build.0 = Release|Any CPU
		{EF504EBA-7EB0-42DD-B71D-289D9383BF8A}.Release|x86.ActiveCfg = Release|Any CPU
		{EF504EBA-7EB0-42DD-B71D-289D9383BF8A}.Release|x86.Build.0 = Release|Any CPU
	EndGlobalSection
	GlobalSection(SolutionProperties) = preSolution
		HideSolutionNode = FALSE
	EndGlobalSection
	GlobalSection(ExtensibilityGlobals) = postSolution
		SolutionGuid = {CBC16C80-B5C2-4542-A3C6-DF6A5B50EE83}
	EndGlobalSection
EndGlobal
