
Microsoft Visual Studio Solution File, Format Version 12.00
# Visual Studio Version 17
VisualStudioVersion = 17.0.31611.283
MinimumVisualStudioVersion = 10.0.40219.1
Project("{9A19103F-16F7-4668-BE54-9A1E7A4F7556}") = "Egroo.Server", "Egroo.Server\Egroo.Server.csproj", "{1EDC6F16-E37D-4344-9CD6-D15B786B8F02}"
EndProject
Project("{9A19103F-16F7-4668-BE54-9A1E7A4F7556}") = "Egroo.Server.Test", "Egroo.Server.Test\Egroo.Server.Test.csproj", "{D5985995-53A3-4769-B63D-3F4440C8EF1A}"
EndProject
Project("{2150E333-8FDC-42A3-9474-1A3956D46DE8}") = "Client", "Client", "{34C21B87-402C-45B9-9895-36AC32E41686}"
EndProject
Project("{2150E333-8FDC-42A3-9474-1A3956D46DE8}") = "Server", "Server", "{1F1A6022-30CB-4DBA-8210-5CFFFEB4BB71}"
EndProject
Project("{2150E333-8FDC-42A3-9474-1A3956D46DE8}") = "Test", "Test", "{2AC5D9DD-0E94-4476-9A1B-90A984003303}"
EndProject
Project("{9A19103F-16F7-4668-BE54-9A1E7A4F7556}") = "jihadkhawaja.chat.client", "jihadkhawaja.chat.client\jihadkhawaja.chat.client.csproj", "{0A904E7A-4FC2-4807-A0CA-9A28B869EC24}"
EndProject
Project("{9A19103F-16F7-4668-BE54-9A1E7A4F7556}") = "jihadkhawaja.chat.server", "jihadkhawaja.chat.server\jihadkhawaja.chat.server.csproj", "{98E5E51F-46FC-48C2-9844-8A7E55858BB4}"
EndProject
Project("{2150E333-8FDC-42A3-9474-1A3956D46DE8}") = "Libs (NuGet Package)", "Libs (NuGet Package)", "{C1954230-0F2C-45CA-9A23-B3D8176971A6}"
EndProject
Project("{9A19103F-16F7-4668-BE54-9A1E7A4F7556}") = "Egroo.UI", "Egroo.UI\Egroo.UI.csproj", "{A9E09E1B-8350-4D1F-9760-4BBFF50B01AC}"
EndProject
Project("{2150E333-8FDC-42A3-9474-1A3956D46DE8}") = "Shared", "Shared", "{806FB1EE-C13B-468E-BFE6-75B10033A553}"
EndProject
Project("{9A19103F-16F7-4668-BE54-9A1E7A4F7556}") = "Egroo", "Egroo\Egroo\Egroo.csproj", "{DF4883E6-2CF6-4201-9EFE-27117C3A33F6}"
EndProject
Project("{9A19103F-16F7-4668-BE54-9A1E7A4F7556}") = "Egroo.Client", "Egroo\Egroo.Client\Egroo.Client.csproj", "{97ED607B-6318-4A22-9D4E-11BE2CB81296}"
EndProject
Project("{9A19103F-16F7-4668-BE54-9A1E7A4F7556}") = "Egroo.MAUI", "Egroo.MAUI\Egroo.MAUI.csproj", "{ECF7229C-8219-4B67-9584-ADEB2B6B5318}"
EndProject
Project("{2150E333-8FDC-42A3-9474-1A3956D46DE8}") = "Github", "Github", "{1D4F32F0-5F9B-4B85-A75B-A9E407FB91E9}"
	ProjectSection(SolutionItems) = preProject
		..\LICENSE = ..\LICENSE
		..\README.md = ..\README.md
	EndProjectSection
EndProject
Project("{9A19103F-16F7-4668-BE54-9A1E7A4F7556}") = "jihadkhawaja.chat.shared", "jihadkhawaja.chat.shared\jihadkhawaja.chat.shared.csproj", "{81ED69C8-08B3-4529-A65D-98C988ECF479}"
EndProject
Global
	GlobalSection(SolutionConfigurationPlatforms) = preSolution
		Debug|Any CPU = Debug|Any CPU
		Release|Any CPU = Release|Any CPU
	EndGlobalSection
	GlobalSection(ProjectConfigurationPlatforms) = postSolution
		{1EDC6F16-E37D-4344-9CD6-D15B786B8F02}.Debug|Any CPU.ActiveCfg = Debug|Any CPU
		{1EDC6F16-E37D-4344-9CD6-D15B786B8F02}.Debug|Any CPU.Build.0 = Debug|Any CPU
		{1EDC6F16-E37D-4344-9CD6-D15B786B8F02}.Release|Any CPU.ActiveCfg = Release|Any CPU
		{1EDC6F16-E37D-4344-9CD6-D15B786B8F02}.Release|Any CPU.Build.0 = Release|Any CPU
		{D5985995-53A3-4769-B63D-3F4440C8EF1A}.Debug|Any CPU.ActiveCfg = Debug|Any CPU
		{D5985995-53A3-4769-B63D-3F4440C8EF1A}.Debug|Any CPU.Build.0 = Debug|Any CPU
		{D5985995-53A3-4769-B63D-3F4440C8EF1A}.Release|Any CPU.ActiveCfg = Release|Any CPU
		{D5985995-53A3-4769-B63D-3F4440C8EF1A}.Release|Any CPU.Build.0 = Release|Any CPU
		{0A904E7A-4FC2-4807-A0CA-9A28B869EC24}.Debug|Any CPU.ActiveCfg = Debug|Any CPU
		{0A904E7A-4FC2-4807-A0CA-9A28B869EC24}.Debug|Any CPU.Build.0 = Debug|Any CPU
		{0A904E7A-4FC2-4807-A0CA-9A28B869EC24}.Release|Any CPU.ActiveCfg = Release|Any CPU
		{0A904E7A-4FC2-4807-A0CA-9A28B869EC24}.Release|Any CPU.Build.0 = Release|Any CPU
		{98E5E51F-46FC-48C2-9844-8A7E55858BB4}.Debug|Any CPU.ActiveCfg = Debug|Any CPU
		{98E5E51F-46FC-48C2-9844-8A7E55858BB4}.Debug|Any CPU.Build.0 = Debug|Any CPU
		{98E5E51F-46FC-48C2-9844-8A7E55858BB4}.Release|Any CPU.ActiveCfg = Release|Any CPU
		{98E5E51F-46FC-48C2-9844-8A7E55858BB4}.Release|Any CPU.Build.0 = Release|Any CPU
		{A9E09E1B-8350-4D1F-9760-4BBFF50B01AC}.Debug|Any CPU.ActiveCfg = Debug|Any CPU
		{A9E09E1B-8350-4D1F-9760-4BBFF50B01AC}.Debug|Any CPU.Build.0 = Debug|Any CPU
		{A9E09E1B-8350-4D1F-9760-4BBFF50B01AC}.Release|Any CPU.ActiveCfg = Release|Any CPU
		{A9E09E1B-8350-4D1F-9760-4BBFF50B01AC}.Release|Any CPU.Build.0 = Release|Any CPU
		{DF4883E6-2CF6-4201-9EFE-27117C3A33F6}.Debug|Any CPU.ActiveCfg = Debug|Any CPU
		{DF4883E6-2CF6-4201-9EFE-27117C3A33F6}.Debug|Any CPU.Build.0 = Debug|Any CPU
		{DF4883E6-2CF6-4201-9EFE-27117C3A33F6}.Release|Any CPU.ActiveCfg = Release|Any CPU
		{DF4883E6-2CF6-4201-9EFE-27117C3A33F6}.Release|Any CPU.Build.0 = Release|Any CPU
		{97ED607B-6318-4A22-9D4E-11BE2CB81296}.Debug|Any CPU.ActiveCfg = Debug|Any CPU
		{97ED607B-6318-4A22-9D4E-11BE2CB81296}.Debug|Any CPU.Build.0 = Debug|Any CPU
		{97ED607B-6318-4A22-9D4E-11BE2CB81296}.Release|Any CPU.ActiveCfg = Release|Any CPU
		{97ED607B-6318-4A22-9D4E-11BE2CB81296}.Release|Any CPU.Build.0 = Release|Any CPU
		{ECF7229C-8219-4B67-9584-ADEB2B6B5318}.Debug|Any CPU.ActiveCfg = Debug|Any CPU
		{ECF7229C-8219-4B67-9584-ADEB2B6B5318}.Debug|Any CPU.Build.0 = Debug|Any CPU
		{ECF7229C-8219-4B67-9584-ADEB2B6B5318}.Debug|Any CPU.Deploy.0 = Debug|Any CPU
		{ECF7229C-8219-4B67-9584-ADEB2B6B5318}.Release|Any CPU.ActiveCfg = Release|Any CPU
		{ECF7229C-8219-4B67-9584-ADEB2B6B5318}.Release|Any CPU.Build.0 = Release|Any CPU
		{ECF7229C-8219-4B67-9584-ADEB2B6B5318}.Release|Any CPU.Deploy.0 = Release|Any CPU
		{81ED69C8-08B3-4529-A65D-98C988ECF479}.Debug|Any CPU.ActiveCfg = Debug|Any CPU
		{81ED69C8-08B3-4529-A65D-98C988ECF479}.Debug|Any CPU.Build.0 = Debug|Any CPU
		{81ED69C8-08B3-4529-A65D-98C988ECF479}.Release|Any CPU.ActiveCfg = Release|Any CPU
		{81ED69C8-08B3-4529-A65D-98C988ECF479}.Release|Any CPU.Build.0 = Release|Any CPU
	EndGlobalSection
	GlobalSection(SolutionProperties) = preSolution
		HideSolutionNode = FALSE
	EndGlobalSection
	GlobalSection(NestedProjects) = preSolution
		{1EDC6F16-E37D-4344-9CD6-D15B786B8F02} = {1F1A6022-30CB-4DBA-8210-5CFFFEB4BB71}
		{D5985995-53A3-4769-B63D-3F4440C8EF1A} = {2AC5D9DD-0E94-4476-9A1B-90A984003303}
		{0A904E7A-4FC2-4807-A0CA-9A28B869EC24} = {C1954230-0F2C-45CA-9A23-B3D8176971A6}
		{98E5E51F-46FC-48C2-9844-8A7E55858BB4} = {C1954230-0F2C-45CA-9A23-B3D8176971A6}
		{A9E09E1B-8350-4D1F-9760-4BBFF50B01AC} = {806FB1EE-C13B-468E-BFE6-75B10033A553}
		{DF4883E6-2CF6-4201-9EFE-27117C3A33F6} = {34C21B87-402C-45B9-9895-36AC32E41686}
		{97ED607B-6318-4A22-9D4E-11BE2CB81296} = {34C21B87-402C-45B9-9895-36AC32E41686}
		{ECF7229C-8219-4B67-9584-ADEB2B6B5318} = {34C21B87-402C-45B9-9895-36AC32E41686}
		{81ED69C8-08B3-4529-A65D-98C988ECF479} = {C1954230-0F2C-45CA-9A23-B3D8176971A6}
	EndGlobalSection
	GlobalSection(ExtensibilityGlobals) = postSolution
		SolutionGuid = {61F7FB11-1E47-470C-91E2-47F8143E1572}
	EndGlobalSection
EndGlobal
